
Microsoft Visual Studio Solution File, Format Version 12.00
# Visual Studio Version 16
VisualStudioVersion = 16.0.30011.22
MinimumVisualStudioVersion = 10.0.40219.1
Project("{FAE04EC0-301F-11D3-BF4B-00C04F79EFBC}") = "WindowsFormsApp4", "WindowsFormsApp4.csproj", "{8E1D2E7F-CAC7-4E14-8F19-C5079D43ECE5}"
EndProject
Global
	GlobalSection(SolutionConfigurationPlatforms) = preSolution
		Debug|Any CPU = Debug|Any CPU
		Release|Any CPU = Release|Any CPU
	EndGlobalSection
	GlobalSection(ProjectConfigurationPlatforms) = postSolution
		{8E1D2E7F-CAC7-4E14-8F19-C5079D43ECE5}.Debug|Any CPU.ActiveCfg = Debug|Any CPU
		{8E1D2E7F-CAC7-4E14-8F19-C5079D43ECE5}.Debug|Any CPU.Build.0 = Debug|Any CPU
		{8E1D2E7F-CAC7-4E14-8F19-C5079D43ECE5}.Release|Any CPU.ActiveCfg = Release|Any CPU
		{8E1D2E7F-CAC7-4E14-8F19-C5079D43ECE5}.Release|Any CPU.Build.0 = Release|Any CPU
	EndGlobalSection
	GlobalSection(SolutionProperties) = preSolution
		HideSolutionNode = FALSE
	EndGlobalSection
	GlobalSection(ExtensibilityGlobals) = postSolution
		SolutionGuid = {1945027B-9748-4D92-A359-70797C054CA6}
	EndGlobalSection
EndGlobal
